// !$*UTF8*$!
{
	archiveVersion = 1;
	classes = {
	};
	objectVersion = 77;
	objects = {

/* Begin PBXContainerItemProxy section */
		FF2CAC072CEDCB3900B8F57B /* PBXContainerItemProxy */ = {
			isa = PBXContainerItemProxy;
			containerPortal = FF2CABE82CEDCB3700B8F57B /* Project object */;
			proxyType = 1;
			remoteGlobalIDString = FF2CABEF2CEDCB3700B8F57B;
			remoteInfo = MapKitProject;
		};
		FF2CAC112CEDCB3900B8F57B /* PBXContainerItemProxy */ = {
			isa = PBXContainerItemProxy;
			containerPortal = FF2CABE82CEDCB3700B8F57B /* Project object */;
			proxyType = 1;
			remoteGlobalIDString = FF2CABEF2CEDCB3700B8F57B;
			remoteInfo = MapKitProject;
		};
/* End PBXContainerItemProxy section */

/* Begin PBXFileReference section */
		FF2CABF02CEDCB3700B8F57B /* MapKitProject.app */ = {isa = PBXFileReference; explicitFileType = wrapper.application; includeInIndex = 0; path = MapKitProject.app; sourceTree = BUILT_PRODUCTS_DIR; };
		FF2CAC062CEDCB3900B8F57B /* MapKitProjectTests.xctest */ = {isa = PBXFileReference; explicitFileType = wrapper.cfbundle; includeInIndex = 0; path = MapKitProjectTests.xctest; sourceTree = BUILT_PRODUCTS_DIR; };
		FF2CAC102CEDCB3900B8F57B /* MapKitProjectUITests.xctest */ = {isa = PBXFileReference; explicitFileType = wrapper.cfbundle; includeInIndex = 0; path = MapKitProjectUITests.xctest; sourceTree = BUILT_PRODUCTS_DIR; };
/* End PBXFileReference section */

/* Begin PBXFileSystemSynchronizedBuildFileExceptionSet section */
		FF2CAC182CEDCB3900B8F57B /* Exceptions for "MapKitProject" folder in "MapKitProject" target */ = {
			isa = PBXFileSystemSynchronizedBuildFileExceptionSet;
			membershipExceptions = (
				Info.plist,
			);
			target = FF2CABEF2CEDCB3700B8F57B /* MapKitProject */;
		};
/* End PBXFileSystemSynchronizedBuildFileExceptionSet section */

/* Begin PBXFileSystemSynchronizedRootGroup section */
		FF2CABF22CEDCB3700B8F57B /* MapKitProject */ = {
			isa = PBXFileSystemSynchronizedRootGroup;
			exceptions = (
				FF2CAC182CEDCB3900B8F57B /* Exceptions for "MapKitProject" folder in "MapKitProject" target */,
			);
			path = MapKitProject;
			sourceTree = "<group>";
		};
		FF2CAC092CEDCB3900B8F57B /* MapKitProjectTests */ = {
			isa = PBXFileSystemSynchronizedRootGroup;
			path = MapKitProjectTests;
			sourceTree = "<group>";
		};
		FF2CAC132CEDCB3900B8F57B /* MapKitProjectUITests */ = {
			isa = PBXFileSystemSynchronizedRootGroup;
			path = MapKitProjectUITests;
			sourceTree = "<group>";
		};
/* End PBXFileSystemSynchronizedRootGroup section */

/* Begin PBXFrameworksBuildPhase section */
		FF2CABED2CEDCB3700B8F57B /* Frameworks */ = {
			isa = PBXFrameworksBuildPhase;
			buildActionMask = 2147483647;
			files = (
			);
			runOnlyForDeploymentPostprocessing = 0;
		};
		FF2CAC032CEDCB3900B8F57B /* Frameworks */ = {
			isa = PBXFrameworksBuildPhase;
			buildActionMask = 2147483647;
			files = (
			);
			runOnlyForDeploymentPostprocessing = 0;
		};
		FF2CAC0D2CEDCB3900B8F57B /* Frameworks */ = {
			isa = PBXFrameworksBuildPhase;
			buildActionMask = 2147483647;
			files = (
			);
			runOnlyForDeploymentPostprocessing = 0;
		};
/* End PBXFrameworksBuildPhase section */

/* Begin PBXGroup section */
		FF2CABE72CEDCB3700B8F57B = {
			isa = PBXGroup;
			children = (
				FF2CABF22CEDCB3700B8F57B /* MapKitProject */,
				FF2CAC092CEDCB3900B8F57B /* MapKitProjectTests */,
				FF2CAC132CEDCB3900B8F57B /* MapKitProjectUITests */,
				FF2CABF12CEDCB3700B8F57B /* Products */,
			);
			sourceTree = "<group>";
		};
		FF2CABF12CEDCB3700B8F57B /* Products */ = {
			isa = PBXGroup;
			children = (
				FF2CABF02CEDCB3700B8F57B /* MapKitProject.app */,
				FF2CAC062CEDCB3900B8F57B /* MapKitProjectTests.xctest */,
				FF2CAC102CEDCB3900B8F57B /* MapKitProjectUITests.xctest */,
			);
			name = Products;
			sourceTree = "<group>";
		};
/* End PBXGroup section */

/* Begin PBXNativeTarget section */
		FF2CABEF2CEDCB3700B8F57B /* MapKitProject */ = {
			isa = PBXNativeTarget;
			buildConfigurationList = FF2CAC192CEDCB3900B8F57B /* Build configuration list for PBXNativeTarget "MapKitProject" */;
			buildPhases = (
				FF2CABEC2CEDCB3700B8F57B /* Sources */,
				FF2CABED2CEDCB3700B8F57B /* Frameworks */,
				FF2CABEE2CEDCB3700B8F57B /* Resources */,
			);
			buildRules = (
			);
			dependencies = (
			);
			fileSystemSynchronizedGroups = (
				FF2CABF22CEDCB3700B8F57B /* MapKitProject */,
			);
			name = MapKitProject;
			packageProductDependencies = (
			);
			productName = MapKitProject;
			productReference = FF2CABF02CEDCB3700B8F57B /* MapKitProject.app */;
			productType = "com.apple.product-type.application";
		};
		FF2CAC052CEDCB3900B8F57B /* MapKitProjectTests */ = {
			isa = PBXNativeTarget;
			buildConfigurationList = FF2CAC1E2CEDCB3900B8F57B /* Build configuration list for PBXNativeTarget "MapKitProjectTests" */;
			buildPhases = (
				FF2CAC022CEDCB3900B8F57B /* Sources */,
				FF2CAC032CEDCB3900B8F57B /* Frameworks */,
				FF2CAC042CEDCB3900B8F57B /* Resources */,
			);
			buildRules = (
			);
			dependencies = (
				FF2CAC082CEDCB3900B8F57B /* PBXTargetDependency */,
			);
			fileSystemSynchronizedGroups = (
				FF2CAC092CEDCB3900B8F57B /* MapKitProjectTests */,
			);
			name = MapKitProjectTests;
			packageProductDependencies = (
			);
			productName = MapKitProjectTests;
			productReference = FF2CAC062CEDCB3900B8F57B /* MapKitProjectTests.xctest */;
			productType = "com.apple.product-type.bundle.unit-test";
		};
		FF2CAC0F2CEDCB3900B8F57B /* MapKitProjectUITests */ = {
			isa = PBXNativeTarget;
			buildConfigurationList = FF2CAC212CEDCB3900B8F57B /* Build configuration list for PBXNativeTarget "MapKitProjectUITests" */;
			buildPhases = (
				FF2CAC0C2CEDCB3900B8F57B /* Sources */,
				FF2CAC0D2CEDCB3900B8F57B /* Frameworks */,
				FF2CAC0E2CEDCB3900B8F57B /* Resources */,
			);
			buildRules = (
			);
			dependencies = (
				FF2CAC122CEDCB3900B8F57B /* PBXTargetDependency */,
			);
			fileSystemSynchronizedGroups = (
				FF2CAC132CEDCB3900B8F57B /* MapKitProjectUITests */,
			);
			name = MapKitProjectUITests;
			packageProductDependencies = (
			);
			productName = MapKitProjectUITests;
			productReference = FF2CAC102CEDCB3900B8F57B /* MapKitProjectUITests.xctest */;
			productType = "com.apple.product-type.bundle.ui-testing";
		};
/* End PBXNativeTarget section */

/* Begin PBXProject section */
		FF2CABE82CEDCB3700B8F57B /* Project object */ = {
			isa = PBXProject;
			attributes = {
				BuildIndependentTargetsInParallel = 1;
				LastSwiftUpdateCheck = 1600;
				LastUpgradeCheck = 1600;
				TargetAttributes = {
					FF2CABEF2CEDCB3700B8F57B = {
						CreatedOnToolsVersion = 16.0;
					};
					FF2CAC052CEDCB3900B8F57B = {
						CreatedOnToolsVersion = 16.0;
						TestTargetID = FF2CABEF2CEDCB3700B8F57B;
					};
					FF2CAC0F2CEDCB3900B8F57B = {
						CreatedOnToolsVersion = 16.0;
						TestTargetID = FF2CABEF2CEDCB3700B8F57B;
					};
				};
			};
			buildConfigurationList = FF2CABEB2CEDCB3700B8F57B /* Build configuration list for PBXProject "MapKitProject" */;
			developmentRegion = en;
			hasScannedForEncodings = 0;
			knownRegions = (
				en,
				Base,
			);
			mainGroup = FF2CABE72CEDCB3700B8F57B;
			minimizedProjectReferenceProxies = 1;
			preferredProjectObjectVersion = 77;
			productRefGroup = FF2CABF12CEDCB3700B8F57B /* Products */;
			projectDirPath = "";
			projectRoot = "";
			targets = (
				FF2CABEF2CEDCB3700B8F57B /* MapKitProject */,
				FF2CAC052CEDCB3900B8F57B /* MapKitProjectTests */,
				FF2CAC0F2CEDCB3900B8F57B /* MapKitProjectUITests */,
			);
		};
/* End PBXProject section */

/* Begin PBXResourcesBuildPhase section */
		FF2CABEE2CEDCB3700B8F57B /* Resources */ = {
			isa = PBXResourcesBuildPhase;
			buildActionMask = 2147483647;
			files = (
			);
			runOnlyForDeploymentPostprocessing = 0;
		};
		FF2CAC042CEDCB3900B8F57B /* Resources */ = {
			isa = PBXResourcesBuildPhase;
			buildActionMask = 2147483647;
			files = (
			);
			runOnlyForDeploymentPostprocessing = 0;
		};
		FF2CAC0E2CEDCB3900B8F57B /* Resources */ = {
			isa = PBXResourcesBuildPhase;
			buildActionMask = 2147483647;
			files = (
			);
			runOnlyForDeploymentPostprocessing = 0;
		};
/* End PBXResourcesBuildPhase section */

/* Begin PBXSourcesBuildPhase section */
		FF2CABEC2CEDCB3700B8F57B /* Sources */ = {
			isa = PBXSourcesBuildPhase;
			buildActionMask = 2147483647;
			files = (
			);
			runOnlyForDeploymentPostprocessing = 0;
		};
		FF2CAC022CEDCB3900B8F57B /* Sources */ = {
			isa = PBXSourcesBuildPhase;
			buildActionMask = 2147483647;
			files = (
			);
			runOnlyForDeploymentPostprocessing = 0;
		};
		FF2CAC0C2CEDCB3900B8F57B /* Sources */ = {
			isa = PBXSourcesBuildPhase;
			buildActionMask = 2147483647;
			files = (
			);
			runOnlyForDeploymentPostprocessing = 0;
		};
/* End PBXSourcesBuildPhase section */

/* Begin PBXTargetDependency section */
		FF2CAC082CEDCB3900B8F57B /* PBXTargetDependency */ = {
			isa = PBXTargetDependency;
			target = FF2CABEF2CEDCB3700B8F57B /* MapKitProject */;
			targetProxy = FF2CAC072CEDCB3900B8F57B /* PBXContainerItemProxy */;
		};
		FF2CAC122CEDCB3900B8F57B /* PBXTargetDependency */ = {
			isa = PBXTargetDependency;
			target = FF2CABEF2CEDCB3700B8F57B /* MapKitProject */;
			targetProxy = FF2CAC112CEDCB3900B8F57B /* PBXContainerItemProxy */;
		};
/* End PBXTargetDependency section */

/* Begin XCBuildConfiguration section */
		FF2CAC1A2CEDCB3900B8F57B /* Debug */ = {
			isa = XCBuildConfiguration;
			buildSettings = {
				ASSETCATALOG_COMPILER_APPICON_NAME = AppIcon;
				ASSETCATALOG_COMPILER_GLOBAL_ACCENT_COLOR_NAME = AccentColor;
				CODE_SIGN_STYLE = Automatic;
				CURRENT_PROJECT_VERSION = 1;
				DEVELOPMENT_TEAM = 2V4U7L99P9;
				GENERATE_INFOPLIST_FILE = YES;
				INFOPLIST_FILE = MapKitProject/Info.plist;
				INFOPLIST_KEY_NSLocationAlwaysAndWhenInUseUsageDescription = "NearME requires location so it can offer nearby points of interests.";
				INFOPLIST_KEY_NSLocationWhenInUseUsageDescription = "NearME requires location so it can offer nearby points of interests.";
				INFOPLIST_KEY_UIApplicationSupportsIndirectInputEvents = YES;
				INFOPLIST_KEY_UILaunchStoryboardName = LaunchScreen;
				INFOPLIST_KEY_UISupportedInterfaceOrientations_iPad = "UIInterfaceOrientationPortrait UIInterfaceOrientationPortraitUpsideDown UIInterfaceOrientationLandscapeLeft UIInterfaceOrientationLandscapeRight";
				INFOPLIST_KEY_UISupportedInterfaceOrientations_iPhone = "UIInterfaceOrientationPortrait UIInterfaceOrientationLandscapeLeft UIInterfaceOrientationLandscapeRight";
				LD_RUNPATH_SEARCH_PATHS = (
					"$(inherited)",
					"@executable_path/Frameworks",
				);
				MARKETING_VERSION = 1.0;
				PRODUCT_BUNDLE_IDENTIFIER = com.emaraldsky.freyja.MapKitProject;
				PRODUCT_NAME = "$(TARGET_NAME)";
				SWIFT_EMIT_LOC_STRINGS = YES;
				SWIFT_VERSION = 5.0;
				TARGETED_DEVICE_FAMILY = "1,2";
			};
			name = Debug;
		};
		FF2CAC1B2CEDCB3900B8F57B /* Release */ = {
			isa = XCBuildConfiguration;
			buildSettings = {
				ASSETCATALOG_COMPILER_APPICON_NAME = AppIcon;
				ASSETCATALOG_COMPILER_GLOBAL_ACCENT_COLOR_NAME = AccentColor;
				CODE_SIGN_STYLE = Automatic;
				CURRENT_PROJECT_VERSION = 1;
				DEVELOPMENT_TEAM = 2V4U7L99P9;
				GENERATE_INFOPLIST_FILE = YES;
				INFOPLIST_FILE = MapKitProject/Info.plist;
				INFOPLIST_KEY_NSLocationAlwaysAndWhenInUseUsageDescription = "NearME requires location so it can offer nearby points of interests.";
				INFOPLIST_KEY_NSLocationWhenInUseUsageDescription = "NearME requires location so it can offer nearby points of interests.";
				INFOPLIST_KEY_UIApplicationSupportsIndirectInputEvents = YES;
				INFOPLIST_KEY_UILaunchStoryboardName = LaunchScreen;
				INFOPLIST_KEY_UISupportedInterfaceOrientations_iPad = "UIInterfaceOrientationPortrait UIInterfaceOrientationPortraitUpsideDown UIInterfaceOrientationLandscapeLeft UIInterfaceOrientationLandscapeRight";
				INFOPLIST_KEY_UISupportedInterfaceOrientations_iPhone = "UIInterfaceOrientationPortrait UIInterfaceOrientationLandscapeLeft UIInterfaceOrientationLandscapeRight";
				LD_RUNPATH_SEARCH_PATHS = (
					"$(inherited)",
					"@executable_path/Frameworks",
				);
				MARKETING_VERSION = 1.0;
				PRODUCT_BUNDLE_IDENTIFIER = com.emaraldsky.freyja.MapKitProject;
				PRODUCT_NAME = "$(TARGET_NAME)";
				SWIFT_EMIT_LOC_STRINGS = YES;
				SWIFT_VERSION = 5.0;
				TARGETED_DEVICE_FAMILY = "1,2";
			};
			name = Release;
		};
		FF2CAC1C2CEDCB3900B8F57B /* Debug */ = {
			isa = XCBuildConfiguration;
			buildSettings = {
				ALWAYS_SEARCH_USER_PATHS = NO;
				ASSETCATALOG_COMPILER_GENERATE_SWIFT_ASSET_SYMBOL_EXTENSIONS = YES;
				CLANG_ANALYZER_NONNULL = YES;
				CLANG_ANALYZER_NUMBER_OBJECT_CONVERSION = YES_AGGRESSIVE;
				CLANG_CXX_LANGUAGE_STANDARD = "gnu++20";
				CLANG_ENABLE_MODULES = YES;
				CLANG_ENABLE_OBJC_ARC = YES;
				CLANG_ENABLE_OBJC_WEAK = YES;
				CLANG_WARN_BLOCK_CAPTURE_AUTORELEASING = YES;
				CLANG_WARN_BOOL_CONVERSION = YES;
				CLANG_WARN_COMMA = YES;
				CLANG_WARN_CONSTANT_CONVERSION = YES;
				CLANG_WARN_DEPRECATED_OBJC_IMPLEMENTATIONS = YES;
				CLANG_WARN_DIRECT_OBJC_ISA_USAGE = YES_ERROR;
				CLANG_WARN_DOCUMENTATION_COMMENTS = YES;
				CLANG_WARN_EMPTY_BODY = YES;
				CLANG_WARN_ENUM_CONVERSION = YES;
				CLANG_WARN_INFINITE_RECURSION = YES;
				CLANG_WARN_INT_CONVERSION = YES;
				CLANG_WARN_NON_LITERAL_NULL_CONVERSION = YES;
				CLANG_WARN_OBJC_IMPLICIT_RETAIN_SELF = YES;
				CLANG_WARN_OBJC_LITERAL_CONVERSION = YES;
				CLANG_WARN_OBJC_ROOT_CLASS = YES_ERROR;
				CLANG_WARN_QUOTED_INCLUDE_IN_FRAMEWORK_HEADER = YES;
				CLANG_WARN_RANGE_LOOP_ANALYSIS = YES;
				CLANG_WARN_STRICT_PROTOTYPES = YES;
				CLANG_WARN_SUSPICIOUS_MOVE = YES;
				CLANG_WARN_UNGUARDED_AVAILABILITY = YES_AGGRESSIVE;
				CLANG_WARN_UNREACHABLE_CODE = YES;
				CLANG_WARN__DUPLICATE_METHOD_MATCH = YES;
				COPY_PHASE_STRIP = NO;
				DEBUG_INFORMATION_FORMAT = dwarf;
				ENABLE_STRICT_OBJC_MSGSEND = YES;
				ENABLE_TESTABILITY = YES;
				ENABLE_USER_SCRIPT_SANDBOXING = YES;
				GCC_C_LANGUAGE_STANDARD = gnu17;
				GCC_DYNAMIC_NO_PIC = NO;
				GCC_NO_COMMON_BLOCKS = YES;
				GCC_OPTIMIZATION_LEVEL = 0;
				GCC_PREPROCESSOR_DEFINITIONS = (
					"DEBUG=1",
					"$(inherited)",
				);
				GCC_WARN_64_TO_32_BIT_CONVERSION = YES;
				GCC_WARN_ABOUT_RETURN_TYPE = YES_ERROR;
				GCC_WARN_UNDECLARED_SELECTOR = YES;
				GCC_WARN_UNINITIALIZED_AUTOS = YES_AGGRESSIVE;
				GCC_WARN_UNUSED_FUNCTION = YES;
				GCC_WARN_UNUSED_VARIABLE = YES;
				IPHONEOS_DEPLOYMENT_TARGET = 18.0;
				LOCALIZATION_PREFERS_STRING_CATALOGS = YES;
				MTL_ENABLE_DEBUG_INFO = INCLUDE_SOURCE;
				MTL_FAST_MATH = YES;
				ONLY_ACTIVE_ARCH = YES;
				SDKROOT = iphoneos;
				SWIFT_ACTIVE_COMPILATION_CONDITIONS = "DEBUG $(inherited)";
				SWIFT_OPTIMIZATION_LEVEL = "-Onone";
			};
			name = Debug;
		};
		FF2CAC1D2CEDCB3900B8F57B /* Release */ = {
			isa = XCBuildConfiguration;
			buildSettings = {
				ALWAYS_SEARCH_USER_PATHS = NO;
				ASSETCATALOG_COMPILER_GENERATE_SWIFT_ASSET_SYMBOL_EXTENSIONS = YES;
				CLANG_ANALYZER_NONNULL = YES;
				CLANG_ANALYZER_NUMBER_OBJECT_CONVERSION = YES_AGGRESSIVE;
				CLANG_CXX_LANGUAGE_STANDARD = "gnu++20";
				CLANG_ENABLE_MODULES = YES;
				CLANG_ENABLE_OBJC_ARC = YES;
				CLANG_ENABLE_OBJC_WEAK = YES;
				CLANG_WARN_BLOCK_CAPTURE_AUTORELEASING = YES;
				CLANG_WARN_BOOL_CONVERSION = YES;
				CLANG_WARN_COMMA = YES;
				CLANG_WARN_CONSTANT_CONVERSION = YES;
				CLANG_WARN_DEPRECATED_OBJC_IMPLEMENTATIONS = YES;
				CLANG_WARN_DIRECT_OBJC_ISA_USAGE = YES_ERROR;
				CLANG_WARN_DOCUMENTATION_COMMENTS = YES;
				CLANG_WARN_EMPTY_BODY = YES;
				CLANG_WARN_ENUM_CONVERSION = YES;
				CLANG_WARN_INFINITE_RECURSION = YES;
				CLANG_WARN_INT_CONVERSION = YES;
				CLANG_WARN_NON_LITERAL_NULL_CONVERSION = YES;
				CLANG_WARN_OBJC_IMPLICIT_RETAIN_SELF = YES;
				CLANG_WARN_OBJC_LITERAL_CONVERSION = YES;
				CLANG_WARN_OBJC_ROOT_CLASS = YES_ERROR;
				CLANG_WARN_QUOTED_INCLUDE_IN_FRAMEWORK_HEADER = YES;
				CLANG_WARN_RANGE_LOOP_ANALYSIS = YES;
				CLANG_WARN_STRICT_PROTOTYPES = YES;
				CLANG_WARN_SUSPICIOUS_MOVE = YES;
				CLANG_WARN_UNGUARDED_AVAILABILITY = YES_AGGRESSIVE;
				CLANG_WARN_UNREACHABLE_CODE = YES;
				CLANG_WARN__DUPLICATE_METHOD_MATCH = YES;
				COPY_PHASE_STRIP = NO;
				DEBUG_INFORMATION_FORMAT = "dwarf-with-dsym";
				ENABLE_NS_ASSERTIONS = NO;
				ENABLE_STRICT_OBJC_MSGSEND = YES;
				ENABLE_USER_SCRIPT_SANDBOXING = YES;
				GCC_C_LANGUAGE_STANDARD = gnu17;
				GCC_NO_COMMON_BLOCKS = YES;
				GCC_WARN_64_TO_32_BIT_CONVERSION = YES;
				GCC_WARN_ABOUT_RETURN_TYPE = YES_ERROR;
				GCC_WARN_UNDECLARED_SELECTOR = YES;
				GCC_WARN_UNINITIALIZED_AUTOS = YES_AGGRESSIVE;
				GCC_WARN_UNUSED_FUNCTION = YES;
				GCC_WARN_UNUSED_VARIABLE = YES;
				IPHONEOS_DEPLOYMENT_TARGET = 18.0;
				LOCALIZATION_PREFERS_STRING_CATALOGS = YES;
				MTL_ENABLE_DEBUG_INFO = NO;
				MTL_FAST_MATH = YES;
				SDKROOT = iphoneos;
				SWIFT_COMPILATION_MODE = wholemodule;
				VALIDATE_PRODUCT = YES;
			};
			name = Release;
		};
		FF2CAC1F2CEDCB3900B8F57B /* Debug */ = {
			isa = XCBuildConfiguration;
			buildSettings = {
				BUNDLE_LOADER = "$(TEST_HOST)";
				CODE_SIGN_STYLE = Automatic;
				CURRENT_PROJECT_VERSION = 1;
				DEVELOPMENT_TEAM = 2V4U7L99P9;
				GENERATE_INFOPLIST_FILE = YES;
				IPHONEOS_DEPLOYMENT_TARGET = 18.0;
				MARKETING_VERSION = 1.0;
				PRODUCT_BUNDLE_IDENTIFIER = com.emaraldsky.freyja.MapKitProjectTests;
				PRODUCT_NAME = "$(TARGET_NAME)";
				SWIFT_EMIT_LOC_STRINGS = NO;
				SWIFT_VERSION = 5.0;
				TARGETED_DEVICE_FAMILY = "1,2";
				TEST_HOST = "$(BUILT_PRODUCTS_DIR)/MapKitProject.app/$(BUNDLE_EXECUTABLE_FOLDER_PATH)/MapKitProject";
			};
			name = Debug;
		};
		FF2CAC202CEDCB3900B8F57B /* Release */ = {
			isa = XCBuildConfiguration;
			buildSettings = {
				BUNDLE_LOADER = "$(TEST_HOST)";
				CODE_SIGN_STYLE = Automatic;
				CURRENT_PROJECT_VERSION = 1;
				DEVELOPMENT_TEAM = 2V4U7L99P9;
				GENERATE_INFOPLIST_FILE = YES;
				IPHONEOS_DEPLOYMENT_TARGET = 18.0;
				MARKETING_VERSION = 1.0;
				PRODUCT_BUNDLE_IDENTIFIER = com.emaraldsky.freyja.MapKitProjectTests;
				PRODUCT_NAME = "$(TARGET_NAME)";
				SWIFT_EMIT_LOC_STRINGS = NO;
				SWIFT_VERSION = 5.0;
				TARGETED_DEVICE_FAMILY = "1,2";
				TEST_HOST = "$(BUILT_PRODUCTS_DIR)/MapKitProject.app/$(BUNDLE_EXECUTABLE_FOLDER_PATH)/MapKitProject";
			};
			name = Release;
		};
		FF2CAC222CEDCB3900B8F57B /* Debug */ = {
			isa = XCBuildConfiguration;
			buildSettings = {
				CODE_SIGN_STYLE = Automatic;
				CURRENT_PROJECT_VERSION = 1;
				DEVELOPMENT_TEAM = 2V4U7L99P9;
				GENERATE_INFOPLIST_FILE = YES;
				MARKETING_VERSION = 1.0;
				PRODUCT_BUNDLE_IDENTIFIER = com.emaraldsky.freyja.MapKitProjectUITests;
				PRODUCT_NAME = "$(TARGET_NAME)";
				SWIFT_EMIT_LOC_STRINGS = NO;
				SWIFT_VERSION = 5.0;
				TARGETED_DEVICE_FAMILY = "1,2";
				TEST_TARGET_NAME = MapKitProject;
			};
			name = Debug;
		};
		FF2CAC232CEDCB3900B8F57B /* Release */ = {
			isa = XCBuildConfiguration;
			buildSettings = {
				CODE_SIGN_STYLE = Automatic;
				CURRENT_PROJECT_VERSION = 1;
				DEVELOPMENT_TEAM = 2V4U7L99P9;
				GENERATE_INFOPLIST_FILE = YES;
				MARKETING_VERSION = 1.0;
				PRODUCT_BUNDLE_IDENTIFIER = com.emaraldsky.freyja.MapKitProjectUITests;
				PRODUCT_NAME = "$(TARGET_NAME)";
				SWIFT_EMIT_LOC_STRINGS = NO;
				SWIFT_VERSION = 5.0;
				TARGETED_DEVICE_FAMILY = "1,2";
				TEST_TARGET_NAME = MapKitProject;
			};
			name = Release;
		};
/* End XCBuildConfiguration section */

/* Begin XCConfigurationList section */
		FF2CABEB2CEDCB3700B8F57B /* Build configuration list for PBXProject "MapKitProject" */ = {
			isa = XCConfigurationList;
			buildConfigurations = (
				FF2CAC1C2CEDCB3900B8F57B /* Debug */,
				FF2CAC1D2CEDCB3900B8F57B /* Release */,
			);
			defaultConfigurationIsVisible = 0;
			defaultConfigurationName = Release;
		};
		FF2CAC192CEDCB3900B8F57B /* Build configuration list for PBXNativeTarget "MapKitProject" */ = {
			isa = XCConfigurationList;
			buildConfigurations = (
				FF2CAC1A2CEDCB3900B8F57B /* Debug */,
				FF2CAC1B2CEDCB3900B8F57B /* Release */,
			);
			defaultConfigurationIsVisible = 0;
			defaultConfigurationName = Release;
		};
		FF2CAC1E2CEDCB3900B8F57B /* Build configuration list for PBXNativeTarget "MapKitProjectTests" */ = {
			isa = XCConfigurationList;
			buildConfigurations = (
				FF2CAC1F2CEDCB3900B8F57B /* Debug */,
				FF2CAC202CEDCB3900B8F57B /* Release */,
			);
			defaultConfigurationIsVisible = 0;
			defaultConfigurationName = Release;
		};
		FF2CAC212CEDCB3900B8F57B /* Build configuration list for PBXNativeTarget "MapKitProjectUITests" */ = {
			isa = XCConfigurationList;
			buildConfigurations = (
				FF2CAC222CEDCB3900B8F57B /* Debug */,
				FF2CAC232CEDCB3900B8F57B /* Release */,
			);
			defaultConfigurationIsVisible = 0;
			defaultConfigurationName = Release;
		};
/* End XCConfigurationList section */
	};
	rootObject = FF2CABE82CEDCB3700B8F57B /* Project object */;
}
